
Microsoft Visual Studio Solution File, Format Version 12.00
# Visual Studio Version 17
VisualStudioVersion = 17.9.34723.18
MinimumVisualStudioVersion = 10.0.40219.1
Project("{9A19103F-16F7-4668-BE54-9A1E7A4F7556}") = "NotificationGateway", "NotificationGateway.csproj", "{4F90F5FF-45FF-4BBC-8377-0C18D59B12D4}"
EndProject
Project("{9A19103F-16F7-4668-BE54-9A1E7A4F7556}") = "DistributedService", "..\DistributedService.csproj", "{1CCE3C1A-340F-46CB-A1DE-C8F296A5F048}"
EndProject
Global
	GlobalSection(SolutionConfigurationPlatforms) = preSolution
		Debug|Any CPU = Debug|Any CPU
		Release|Any CPU = Release|Any CPU
	EndGlobalSection
	GlobalSection(ProjectConfigurationPlatforms) = postSolution
		{4F90F5FF-45FF-4BBC-8377-0C18D59B12D4}.Debug|Any CPU.ActiveCfg = Debug|Any CPU
		{4F90F5FF-45FF-4BBC-8377-0C18D59B12D4}.Debug|Any CPU.Build.0 = Debug|Any CPU
		{4F90F5FF-45FF-4BBC-8377-0C18D59B12D4}.Release|Any CPU.ActiveCfg = Release|Any CPU
		{4F90F5FF-45FF-4BBC-8377-0C18D59B12D4}.Release|Any CPU.Build.0 = Release|Any CPU
		{1CCE3C1A-340F-46CB-A1DE-C8F296A5F048}.Debug|Any CPU.ActiveCfg = Debug|Any CPU
		{1CCE3C1A-340F-46CB-A1DE-C8F296A5F048}.Debug|Any CPU.Build.0 = Debug|Any CPU
		{1CCE3C1A-340F-46CB-A1DE-C8F296A5F048}.Release|Any CPU.ActiveCfg = Release|Any CPU
		{1CCE3C1A-340F-46CB-A1DE-C8F296A5F048}.Release|Any CPU.Build.0 = Release|Any CPU
	EndGlobalSection
	GlobalSection(SolutionProperties) = preSolution
		HideSolutionNode = FALSE
	EndGlobalSection
	GlobalSection(ExtensibilityGlobals) = postSolution
		SolutionGuid = {71C3C79A-65B5-4103-A65C-D58622DD0745}
	EndGlobalSection
EndGlobal
